{
  "originHash" : "50b4fcb2ce4547d41ba70fae9974d44b3df2c288eb0fd0c6ff7fb3d16e266f0e",
  "pins" : [
    {
      "identity" : "lz4-spm",
      "kind" : "remoteSourceControl",
      "location" : "https://github.com/milch/lz4-spm",
      "state" : {
        "revision" : "9e6aa5e4e833e6454ba3a357250dd4eb31c48f99",
        "version" : "1.9.3"
      }
    },
    {
      "identity" : "openssl",
      "kind" : "remoteSourceControl",
      "location" : "https://github.com/krzyzanowskim/OpenSSL",
      "state" : {
        "revision" : "2fec2333eb8e8a6acd08bc95a6edf1c0f391c42f",
        "version" : "3.1.4000"
      }
    },
    {
      "identity" : "swift-syntax",
      "kind" : "remoteSourceControl",
      "location" : "https://github.com/apple/swift-syntax",
      "state" : {
        "revision" : "fa8f95c2d536d6620cc2f504ebe8a6167c9fc2dd",
        "version" : "510.0.1"
      }
    },
    {
      "identity" : "swiftsdl2",
      "kind" : "remoteSourceControl",
      "location" : "https://github.com/ctreffs/SwiftSDL2",
      "state" : {
        "revision" : "30a2886bd68e43fc19ba29b63ffe230ac0e4db7a",
        "version" : "1.4.1"
      }
    },
    {
      "identity" : "zstd",
      "kind" : "remoteSourceControl",
      "location" : "https://github.com/facebook/zstd",
      "state" : {
        "branch" : "dev",
        "revision" : "4bd911ae41a62cfbaf624bfeb5a3952d37019575"
      }
    }
  ],
  "version" : 3
}
