{
  "originHash" : "bac3c6a263ff8c74afade7d2260c094ef6909a51726e49076ceec28d6e7d701a",
  "pins" : [
    {
      "identity" : "lz4-spm",
      "kind" : "remoteSourceControl",
      "location" : "https://github.com/milch/lz4-spm",
      "state" : {
        "revision" : "9e6aa5e4e833e6454ba3a357250dd4eb31c48f99",
        "version" : "1.9.3"
      }
    },
    {
      "identity" : "openssl",
      "kind" : "remoteSourceControl",
      "location" : "https://github.com/krzyzanowskim/OpenSSL",
      "state" : {
        "revision" : "2fec2333eb8e8a6acd08bc95a6edf1c0f391c42f",
        "version" : "3.1.4000"
      }
    },
    {
      "identity" : "swift-syntax",
      "kind" : "remoteSourceControl",
      "location" : "https://github.com/apple/swift-syntax",
      "state" : {
        "revision" : "fa8f95c2d536d6620cc2f504ebe8a6167c9fc2dd",
        "version" : "510.0.1"
      }
    },
    {
      "identity" : "swiftsdl2",
      "kind" : "remoteSourceControl",
      "location" : "https://github.com/ctreffs/SwiftSDL2",
      "state" : {
        "revision" : "30a2886bd68e43fc19ba29b63ffe230ac0e4db7a",
        "version" : "1.4.1"
      }
    },
    {
      "identity" : "zstd",
      "kind" : "remoteSourceControl",
      "location" : "https://github.com/facebook/zstd",
      "state" : {
        "branch" : "dev",
        "revision" : "0fcdc62c2d13f4d978ecba703c7d381ce97c97f1"
      }
    }
  ],
  "version" : 3
}
